
Microsoft Visual Studio Solution File, Format Version 12.00
# Visual Studio Version 16
VisualStudioVersion = 16.0.32901.82
MinimumVisualStudioVersion = 10.0.40219.1
Project("{FAE04EC0-301F-11D3-BF4B-00C04F79EFBC}") = "ObjectMovement Task", "ObjectMovement Task\ObjectMovement Task.csproj", "{AF86474E-DF3B-4447-BA85-5FD809E347EB}"
EndProject
Global
	GlobalSection(SolutionConfigurationPlatforms) = preSolution
		Debug|Any CPU = Debug|Any CPU
		Release|Any CPU = Release|Any CPU
	EndGlobalSection
	GlobalSection(ProjectConfigurationPlatforms) = postSolution
		{AF86474E-DF3B-4447-BA85-5FD809E347EB}.Debug|Any CPU.ActiveCfg = Debug|Any CPU
		{AF86474E-DF3B-4447-BA85-5FD809E347EB}.Debug|Any CPU.Build.0 = Debug|Any CPU
		{AF86474E-DF3B-4447-BA85-5FD809E347EB}.Release|Any CPU.ActiveCfg = Release|Any CPU
		{AF86474E-DF3B-4447-BA85-5FD809E347EB}.Release|Any CPU.Build.0 = Release|Any CPU
	EndGlobalSection
	GlobalSection(SolutionProperties) = preSolution
		HideSolutionNode = FALSE
	EndGlobalSection
	GlobalSection(ExtensibilityGlobals) = postSolution
		SolutionGuid = {87839033-B447-4790-90DF-6E0887267D33}
	EndGlobalSection
EndGlobal
